
Microsoft Visual Studio Solution File, Format Version 12.00
# Visual Studio 14
VisualStudioVersion = 14.0.25123.0
MinimumVisualStudioVersion = 10.0.40219.1
Project("{FAE04EC0-301F-11D3-BF4B-00C04F79EFBC}") = "Calculator", "Calculator\Calculator.csproj", "{E9FECB1D-38AC-4ABE-A45A-B2B3CC2F82A0}"
EndProject
Project("{FAE04EC0-301F-11D3-BF4B-00C04F79EFBC}") = "App", "App\App.csproj", "{C798ECA3-98A1-4210-844D-0294CA3943A4}"
EndProject
Project("{FAE04EC0-301F-11D3-BF4B-00C04F79EFBC}") = "UnitTest", "UnitTest\UnitTest.csproj", "{A911D4F1-ED91-4AEC-B717-3B261C816957}"
EndProject
Global
	GlobalSection(SolutionConfigurationPlatforms) = preSolution
		Debug|Any CPU = Debug|Any CPU
		Release|Any CPU = Release|Any CPU
	EndGlobalSection
	GlobalSection(ProjectConfigurationPlatforms) = postSolution
		{E9FECB1D-38AC-4ABE-A45A-B2B3CC2F82A0}.Debug|Any CPU.ActiveCfg = Debug|Any CPU
		{E9FECB1D-38AC-4ABE-A45A-B2B3CC2F82A0}.Debug|Any CPU.Build.0 = Debug|Any CPU
		{E9FECB1D-38AC-4ABE-A45A-B2B3CC2F82A0}.Release|Any CPU.ActiveCfg = Release|Any CPU
		{E9FECB1D-38AC-4ABE-A45A-B2B3CC2F82A0}.Release|Any CPU.Build.0 = Release|Any CPU
		{C798ECA3-98A1-4210-844D-0294CA3943A4}.Debug|Any CPU.ActiveCfg = Debug|Any CPU
		{C798ECA3-98A1-4210-844D-0294CA3943A4}.Debug|Any CPU.Build.0 = Debug|Any CPU
		{C798ECA3-98A1-4210-844D-0294CA3943A4}.Release|Any CPU.ActiveCfg = Release|Any CPU
		{C798ECA3-98A1-4210-844D-0294CA3943A4}.Release|Any CPU.Build.0 = Release|Any CPU
		{A911D4F1-ED91-4AEC-B717-3B261C816957}.Debug|Any CPU.ActiveCfg = Debug|Any CPU
		{A911D4F1-ED91-4AEC-B717-3B261C816957}.Debug|Any CPU.Build.0 = Debug|Any CPU
		{A911D4F1-ED91-4AEC-B717-3B261C816957}.Release|Any CPU.ActiveCfg = Release|Any CPU
		{A911D4F1-ED91-4AEC-B717-3B261C816957}.Release|Any CPU.Build.0 = Release|Any CPU
	EndGlobalSection
	GlobalSection(SolutionProperties) = preSolution
		HideSolutionNode = FALSE
	EndGlobalSection
EndGlobal
